// !$*UTF8*$!
{
	archiveVersion = 1;
	classes = {
	};
	objectVersion = 46;
	objects = {

/* Begin PBXBuildFile section */
		3727F0A8158B43800073F03B /* UIKit.framework in Frameworks */ = {isa = PBXBuildFile; fileRef = 3727F0A7158B43800073F03B /* UIKit.framework */; };
		3727F0AA158B43800073F03B /* Foundation.framework in Frameworks */ = {isa = PBXBuildFile; fileRef = 3727F0A9158B43800073F03B /* Foundation.framework */; };
		3727F0AC158B43800073F03B /* CoreGraphics.framework in Frameworks */ = {isa = PBXBuildFile; fileRef = 3727F0AB158B43800073F03B /* CoreGraphics.framework */; };
		3727F0B2158B43800073F03B /* InfoPlist.strings in Resources */ = {isa = PBXBuildFile; fileRef = 3727F0B0158B43800073F03B /* InfoPlist.strings */; };
		3727F0B4158B43800073F03B /* main.m in Sources */ = {isa = PBXBuildFile; fileRef = 3727F0B3158B43800073F03B /* main.m */; };
		3727F0B8158B43800073F03B /* AppDelegate.m in Sources */ = {isa = PBXBuildFile; fileRef = 3727F0B7158B43800073F03B /* AppDelegate.m */; };
		3727F0C0158B43800073F03B /* SenTestingKit.framework in Frameworks */ = {isa = PBXBuildFile; fileRef = 3727F0BF158B43800073F03B /* SenTestingKit.framework */; };
		3727F0C1158B43800073F03B /* UIKit.framework in Frameworks */ = {isa = PBXBuildFile; fileRef = 3727F0A7158B43800073F03B /* UIKit.framework */; };
		3727F0C2158B43800073F03B /* Foundation.framework in Frameworks */ = {isa = PBXBuildFile; fileRef = 3727F0A9158B43800073F03B /* Foundation.framework */; };
		3727F0CA158B43800073F03B /* InfoPlist.strings in Resources */ = {isa = PBXBuildFile; fileRef = 3727F0C8158B43800073F03B /* InfoPlist.strings */; };
		3727F0CD158B43800073F03B /* TesterTests.m in Sources */ = {isa = PBXBuildFile; fileRef = 3727F0CC158B43800073F03B /* TesterTests.m */; };
/* End PBXBuildFile section */

/* Begin PBXContainerItemProxy section */
		3727F0C3158B43800073F03B /* PBXContainerItemProxy */ = {
			isa = PBXContainerItemProxy;
			containerPortal = 3727F09A158B43800073F03B /* Project object */;
			proxyType = 1;
			remoteGlobalIDString = 3727F0A2158B43800073F03B;
			remoteInfo = Tester;
		};
/* End PBXContainerItemProxy section */

/* Begin PBXFileReference section */
		3727F0A3158B43800073F03B /* Tester.app */ = {isa = PBXFileReference; explicitFileType = wrapper.application; includeInIndex = 0; path = Tester.app; sourceTree = BUILT_PRODUCTS_DIR; };
		3727F0A7158B43800073F03B /* UIKit.framework */ = {isa = PBXFileReference; lastKnownFileType = wrapper.framework; name = UIKit.framework; path = System/Library/Frameworks/UIKit.framework; sourceTree = SDKROOT; };
		3727F0A9158B43800073F03B /* Foundation.framework */ = {isa = PBXFileReference; lastKnownFileType = wrapper.framework; name = Foundation.framework; path = System/Library/Frameworks/Foundation.framework; sourceTree = SDKROOT; };
		3727F0AB158B43800073F03B /* CoreGraphics.framework */ = {isa = PBXFileReference; lastKnownFileType = wrapper.framework; name = CoreGraphics.framework; path = System/Library/Frameworks/CoreGraphics.framework; sourceTree = SDKROOT; };
		3727F0AF158B43800073F03B /* Tester-Info.plist */ = {isa = PBXFileReference; path = "Tester-Info.plist"; sourceTree = "<group>"; };
		3727F0B1158B43800073F03B /* en */ = {isa = PBXFileReference; lastKnownFileType = text.plist.strings; name = en; path = en.lproj/InfoPlist.strings; sourceTree = "<group>"; };
		3727F0B3158B43800073F03B /* main.m */ = {isa = PBXFileReference; lastKnownFileType = sourcecode.c.objc; path = main.m; sourceTree = "<group>"; };
		3727F0B5158B43800073F03B /* Tester-Prefix.pch */ = {isa = PBXFileReference; path = "Tester-Prefix.pch"; sourceTree = "<group>"; };
		3727F0B6158B43800073F03B /* AppDelegate.h */ = {isa = PBXFileReference; path = AppDelegate.h; sourceTree = "<group>"; };
		3727F0B7158B43800073F03B /* AppDelegate.m */ = {isa = PBXFileReference; lastKnownFileType = sourcecode.c.objc; path = AppDelegate.m; sourceTree = "<group>"; };
		3727F0BE158B43800073F03B /* TesterTests.octest */ = {isa = PBXFileReference; explicitFileType = wrapper.cfbundle; includeInIndex = 0; path = TesterTests.octest; sourceTree = BUILT_PRODUCTS_DIR; };
		3727F0BF158B43800073F03B /* SenTestingKit.framework */ = {isa = PBXFileReference; lastKnownFileType = wrapper.framework; name = SenTestingKit.framework; path = Library/Frameworks/SenTestingKit.framework; sourceTree = DEVELOPER_DIR; };
		3727F0C7158B43800073F03B /* TesterTests-Info.plist */ = {isa = PBXFileReference; path = "TesterTests-Info.plist"; sourceTree = "<group>"; };
		3727F0C9158B43800073F03B /* en */ = {isa = PBXFileReference; lastKnownFileType = text.plist.strings; name = en; path = en.lproj/InfoPlist.strings; sourceTree = "<group>"; };
		3727F0CB158B43800073F03B /* TesterTests.h */ = {isa = PBXFileReference; path = TesterTests.h; sourceTree = "<group>"; };
		3727F0CC158B43800073F03B /* TesterTests.m */ = {isa = PBXFileReference; lastKnownFileType = sourcecode.c.objc; path = TesterTests.m; sourceTree = "<group>"; };
/* End PBXFileReference section */

/* Begin PBXFrameworksBuildPhase section */
		3727F0A0158B43800073F03B /* Frameworks */ = {
			isa = PBXFrameworksBuildPhase;
			buildActionMask = 2147483647;
			files = (
				3727F0A8158B43800073F03B /* UIKit.framework in Frameworks */,
				3727F0AA158B43800073F03B /* Foundation.framework in Frameworks */,
				3727F0AC158B43800073F03B /* CoreGraphics.framework in Frameworks */,
			);
			runOnlyForDeploymentPostprocessing = 0;
		};
		3727F0BA158B43800073F03B /* Frameworks */ = {
			isa = PBXFrameworksBuildPhase;
			buildActionMask = 2147483647;
			files = (
				3727F0C0158B43800073F03B /* SenTestingKit.framework in Frameworks */,
				3727F0C1158B43800073F03B /* UIKit.framework in Frameworks */,
				3727F0C2158B43800073F03B /* Foundation.framework in Frameworks */,
			);
			runOnlyForDeploymentPostprocessing = 0;
		};
/* End PBXFrameworksBuildPhase section */

/* Begin PBXGroup section */
		3727F098158B43800073F03B = {
			isa = PBXGroup;
			children = (
				3727F0AD158B43800073F03B /* Tester */,
				3727F0C5158B43800073F03B /* TesterTests */,
				3727F0A6158B43800073F03B /* Frameworks */,
				3727F0A4158B43800073F03B /* Products */,
			);
			sourceTree = "<group>";
		};
		3727F0A4158B43800073F03B /* Products */ = {
			isa = PBXGroup;
			children = (
				3727F0A3158B43800073F03B /* Tester.app */,
				3727F0BE158B43800073F03B /* TesterTests.octest */,
			);
			name = Products;
			sourceTree = "<group>";
		};
		3727F0A6158B43800073F03B /* Frameworks */ = {
			isa = PBXGroup;
			children = (
				3727F0A7158B43800073F03B /* UIKit.framework */,
				3727F0A9158B43800073F03B /* Foundation.framework */,
				3727F0AB158B43800073F03B /* CoreGraphics.framework */,
				3727F0BF158B43800073F03B /* SenTestingKit.framework */,
			);
			name = Frameworks;
			sourceTree = "<group>";
		};
		3727F0AD158B43800073F03B /* Tester */ = {
			isa = PBXGroup;
			children = (
				3727F0B6158B43800073F03B /* AppDelegate.h */,
				3727F0B7158B43800073F03B /* AppDelegate.m */,
				3727F0AE158B43800073F03B /* Supporting Files */,
			);
			path = Tester;
			sourceTree = "<group>";
		};
		3727F0AE158B43800073F03B /* Supporting Files */ = {
			isa = PBXGroup;
			children = (
				3727F0AF158B43800073F03B /* Tester-Info.plist */,
				3727F0B0158B43800073F03B /* InfoPlist.strings */,
				3727F0B3158B43800073F03B /* main.m */,
				3727F0B5158B43800073F03B /* Tester-Prefix.pch */,
			);
			name = "Supporting Files";
			sourceTree = "<group>";
		};
		3727F0C5158B43800073F03B /* TesterTests */ = {
			isa = PBXGroup;
			children = (
				3727F0CB158B43800073F03B /* TesterTests.h */,
				3727F0CC158B43800073F03B /* TesterTests.m */,
				3727F0C6158B43800073F03B /* Supporting Files */,
			);
			path = TesterTests;
			sourceTree = "<group>";
		};
		3727F0C6158B43800073F03B /* Supporting Files */ = {
			isa = PBXGroup;
			children = (
				3727F0C7158B43800073F03B /* TesterTests-Info.plist */,
				3727F0C8158B43800073F03B /* InfoPlist.strings */,
			);
			name = "Supporting Files";
			sourceTree = "<group>";
		};
/* End PBXGroup section */

/* Begin PBXNativeTarget section */
		3727F0A2158B43800073F03B /* Tester */ = {
			isa = PBXNativeTarget;
			buildConfigurationList = 3727F0D0158B43800073F03B /* Build configuration list for PBXNativeTarget "Tester" */;
			buildPhases = (
				3727F09F158B43800073F03B /* Sources */,
				3727F0A0158B43800073F03B /* Frameworks */,
				3727F0A1158B43800073F03B /* Resources */,
			);
			buildRules = (
			);
			dependencies = (
			);
			name = Tester;
			productName = Tester;
			productReference = 3727F0A3158B43800073F03B /* Tester.app */;
			productType = "com.apple.product-type.application";
		};
		3727F0BD158B43800073F03B /* TesterTests */ = {
			isa = PBXNativeTarget;
			buildConfigurationList = 3727F0D3158B43800073F03B /* Build configuration list for PBXNativeTarget "TesterTests" */;
			buildPhases = (
				3727F0B9158B43800073F03B /* Sources */,
				3727F0BA158B43800073F03B /* Frameworks */,
				3727F0BB158B43800073F03B /* Resources */,
				3727F0BC158B43800073F03B /* ShellScript */,
			);
			buildRules = (
			);
			dependencies = (
				3727F0C4158B43800073F03B /* PBXTargetDependency */,
			);
			name = TesterTests;
			productName = TesterTests;
			productReference = 3727F0BE158B43800073F03B /* TesterTests.octest */;
			productType = "com.apple.product-type.bundle";
		};
/* End PBXNativeTarget section */

/* Begin PBXProject section */
		3727F09A158B43800073F03B /* Project object */ = {
			isa = PBXProject;
			attributes = {
				LastUpgradeCheck = 0450;
				ORGANIZATIONNAME = greg;
			};
			buildConfigurationList = 3727F09D158B43800073F03B /* Build configuration list for PBXProject "Tester" */;
			compatibilityVersion = "Xcode 3.2";
			developmentRegion = English;
			hasScannedForEncodings = 0;
			knownRegions = (
				en,
			);
			mainGroup = 3727F098158B43800073F03B;
			productRefGroup = 3727F0A4158B43800073F03B /* Products */;
			projectDirPath = "";
			projectRoot = "";
			targets = (
				3727F0A2158B43800073F03B /* Tester */,
				3727F0BD158B43800073F03B /* TesterTests */,
			);
		};
/* End PBXProject section */

/* Begin PBXResourcesBuildPhase section */
		3727F0A1158B43800073F03B /* Resources */ = {
			isa = PBXResourcesBuildPhase;
			buildActionMask = 2147483647;
			files = (
				3727F0B2158B43800073F03B /* InfoPlist.strings in Resources */,
			);
			runOnlyForDeploymentPostprocessing = 0;
		};
		3727F0BB158B43800073F03B /* Resources */ = {
			isa = PBXResourcesBuildPhase;
			buildActionMask = 2147483647;
			files = (
				3727F0CA158B43800073F03B /* InfoPlist.strings in Resources */,
			);
			runOnlyForDeploymentPostprocessing = 0;
		};
/* End PBXResourcesBuildPhase section */

/* Begin PBXShellScriptBuildPhase section */
		3727F0BC158B43800073F03B /* ShellScript */ = {
			isa = PBXShellScriptBuildPhase;
			buildActionMask = 2147483647;
			files = (
			);
			inputPaths = (
			);
			outputPaths = (
			);
			runOnlyForDeploymentPostprocessing = 0;
			shellPath = /bin/sh;
			shellScript = "# Run the unit tests in this test bundle.\n\"${SYSTEM_DEVELOPER_DIR}/Tools/RunUnitTests\"\n";
		};
/* End PBXShellScriptBuildPhase section */

/* Begin PBXSourcesBuildPhase section */
		3727F09F158B43800073F03B /* Sources */ = {
			isa = PBXSourcesBuildPhase;
			buildActionMask = 2147483647;
			files = (
				3727F0B4158B43800073F03B /* main.m in Sources */,
				3727F0B8158B43800073F03B /* AppDelegate.m in Sources */,
			);
			runOnlyForDeploymentPostprocessing = 0;
		};
		3727F0B9158B43800073F03B /* Sources */ = {
			isa = PBXSourcesBuildPhase;
			buildActionMask = 2147483647;
			files = (
				3727F0CD158B43800073F03B /* TesterTests.m in Sources */,
			);
			runOnlyForDeploymentPostprocessing = 0;
		};
/* End PBXSourcesBuildPhase section */

/* Begin PBXTargetDependency section */
		3727F0C4158B43800073F03B /* PBXTargetDependency */ = {
			isa = PBXTargetDependency;
			target = 3727F0A2158B43800073F03B /* Tester */;
			targetProxy = 3727F0C3158B43800073F03B /* PBXContainerItemProxy */;
		};
/* End PBXTargetDependency section */

/* Begin PBXVariantGroup section */
		3727F0B0158B43800073F03B /* InfoPlist.strings */ = {
			isa = PBXVariantGroup;
			children = (
				3727F0B1158B43800073F03B /* en */,
			);
			name = InfoPlist.strings;
			sourceTree = "<group>";
		};
		3727F0C8158B43800073F03B /* InfoPlist.strings */ = {
			isa = PBXVariantGroup;
			children = (
				3727F0C9158B43800073F03B /* en */,
			);
			name = InfoPlist.strings;
			sourceTree = "<group>";
		};
/* End PBXVariantGroup section */

/* Begin XCBuildConfiguration section */
		3727F0CE158B43800073F03B /* Debug */ = {
			isa = XCBuildConfiguration;
			buildSettings = {
				ALWAYS_SEARCH_USER_PATHS = NO;
				CLANG_CXX_LANGUAGE_STANDARD = "gnu++0x";
				CLANG_ENABLE_OBJC_ARC = YES;
				CLANG_WARN__DUPLICATE_METHOD_MATCH = YES;
				"CODE_SIGN_IDENTITY[sdk=iphoneos*]" = "iPhone Developer";
				COPY_PHASE_STRIP = NO;
				GCC_C_LANGUAGE_STANDARD = gnu99;
				GCC_DYNAMIC_NO_PIC = NO;
				GCC_OPTIMIZATION_LEVEL = 0;
				GCC_PREPROCESSOR_DEFINITIONS = (
					"DEBUG=1",
					"$(inherited)",
				);
				GCC_SYMBOLS_PRIVATE_EXTERN = NO;
				GCC_WARN_ABOUT_RETURN_TYPE = YES;
				GCC_WARN_UNINITIALIZED_AUTOS = YES;
				GCC_WARN_UNUSED_VARIABLE = YES;
				IPHONEOS_DEPLOYMENT_TARGET = 6.0;
				SDKROOT = iphoneos;
			};
			name = Debug;
		};
		3727F0CF158B43800073F03B /* Release */ = {
			isa = XCBuildConfiguration;
			buildSettings = {
				ALWAYS_SEARCH_USER_PATHS = NO;
				CLANG_CXX_LANGUAGE_STANDARD = "gnu++0x";
				CLANG_ENABLE_OBJC_ARC = YES;
				CLANG_WARN__DUPLICATE_METHOD_MATCH = YES;
				"CODE_SIGN_IDENTITY[sdk=iphoneos*]" = "iPhone Developer";
				COPY_PHASE_STRIP = YES;
				GCC_C_LANGUAGE_STANDARD = gnu99;
				GCC_WARN_ABOUT_RETURN_TYPE = YES;
				GCC_WARN_UNINITIALIZED_AUTOS = YES;
				GCC_WARN_UNUSED_VARIABLE = YES;
				IPHONEOS_DEPLOYMENT_TARGET = 6.0;
				OTHER_CFLAGS = "-DNS_BLOCK_ASSERTIONS=1";
				SDKROOT = iphoneos;
				VALIDATE_PRODUCT = YES;
			};
			name = Release;
		};
		3727F0D1158B43800073F03B /* Debug */ = {
			isa = XCBuildConfiguration;
			buildSettings = {
				GCC_PRECOMPILE_PREFIX_HEADER = YES;
				GCC_PREFIX_HEADER = "Tester/Tester-Prefix.pch";
				INFOPLIST_FILE = "Tester/Tester-Info.plist";
				PRODUCT_NAME = "$(TARGET_NAME)";
				WRAPPER_EXTENSION = app;
			};
			name = Debug;
		};
		3727F0D2158B43800073F03B /* Release */ = {
			isa = XCBuildConfiguration;
			buildSettings = {
				GCC_PRECOMPILE_PREFIX_HEADER = YES;
				GCC_PREFIX_HEADER = "Tester/Tester-Prefix.pch";
				INFOPLIST_FILE = "Tester/Tester-Info.plist";
				PRODUCT_NAME = "$(TARGET_NAME)";
				WRAPPER_EXTENSION = app;
			};
			name = Release;
		};
		3727F0D4158B43800073F03B /* Debug */ = {
			isa = XCBuildConfiguration;
			buildSettings = {
				BUNDLE_LOADER = "$(BUILT_PRODUCTS_DIR)/Tester.app/Tester";
				FRAMEWORK_SEARCH_PATHS = (
					"\"$(SDKROOT)/Developer/Library/Frameworks\"",
					"\"$(DEVELOPER_LIBRARY_DIR)/Frameworks\"",
				);
				GCC_PRECOMPILE_PREFIX_HEADER = YES;
				GCC_PREFIX_HEADER = "Tester/Tester-Prefix.pch";
				INFOPLIST_FILE = "TesterTests/TesterTests-Info.plist";
				PRODUCT_NAME = "$(TARGET_NAME)";
				TEST_HOST = "$(BUNDLE_LOADER)";
				WRAPPER_EXTENSION = octest;
			};
			name = Debug;
		};
		3727F0D5158B43800073F03B /* Release */ = {
			isa = XCBuildConfiguration;
			buildSettings = {
				BUNDLE_LOADER = "$(BUILT_PRODUCTS_DIR)/Tester.app/Tester";
				FRAMEWORK_SEARCH_PATHS = (
					"\"$(SDKROOT)/Developer/Library/Frameworks\"",
					"\"$(DEVELOPER_LIBRARY_DIR)/Frameworks\"",
				);
				GCC_PRECOMPILE_PREFIX_HEADER = YES;
				GCC_PREFIX_HEADER = "Tester/Tester-Prefix.pch";
				INFOPLIST_FILE = "TesterTests/TesterTests-Info.plist";
				PRODUCT_NAME = "$(TARGET_NAME)";
				TEST_HOST = "$(BUNDLE_LOADER)";
				WRAPPER_EXTENSION = octest;
			};
			name = Release;
		};
/* End XCBuildConfiguration section */

/* Begin XCConfigurationList section */
		3727F09D158B43800073F03B /* Build configuration list for PBXProject "Tester" */ = {
			isa = XCConfigurationList;
			buildConfigurations = (
				3727F0CE158B43800073F03B /* Debug */,
				3727F0CF158B43800073F03B /* Release */,
			);
			defaultConfigurationIsVisible = 0;
			defaultConfigurationName = Release;
		};
		3727F0D0158B43800073F03B /* Build configuration list for PBXNativeTarget "Tester" */ = {
			isa = XCConfigurationList;
			buildConfigurations = (
				3727F0D1158B43800073F03B /* Debug */,
				3727F0D2158B43800073F03B /* Release */,
			);
			defaultConfigurationIsVisible = 0;
		};
		3727F0D3158B43800073F03B /* Build configuration list for PBXNativeTarget "TesterTests" */ = {
			isa = XCConfigurationList;
			buildConfigurations = (
				3727F0D4158B43800073F03B /* Debug */,
				3727F0D5158B43800073F03B /* Release */,
			);
			defaultConfigurationIsVisible = 0;
		};
/* End XCConfigurationList section */
	};
	rootObject = 3727F09A158B43800073F03B /* Project object */;
}
